// !$*UTF8*$!
{
	archiveVersion = 1;
	classes = {
	};
	objectVersion = 51;
	objects = {

/* Begin PBXBuildFile section */
		18E5FB173E85E281CCEE7D37 /* Pods_instagramy_instagramyUITests.framework in Frameworks */ = {isa = PBXBuildFile; fileRef = D4D8511BA7AC8E98D94B653E /* Pods_instagramy_instagramyUITests.framework */; };
		99FED2EA178133D850E06D0E /* Pods_instagramyTests.framework in Frameworks */ = {isa = PBXBuildFile; fileRef = B772E50649816CCA642EE99B /* Pods_instagramyTests.framework */; };
		CFDE7073A898F89765EC4E03 /* Pods_instagramy.framework in Frameworks */ = {isa = PBXBuildFile; fileRef = E2567DB453D4008313E4C9F0 /* Pods_instagramy.framework */; };
		D85053DA25624E2F0016A03D /* Main.storyboard in Resources */ = {isa = PBXBuildFile; fileRef = D85053D925624E2F0016A03D /* Main.storyboard */; };
		D85053DC25624E770016A03D /* LoginViewController.swift in Sources */ = {isa = PBXBuildFile; fileRef = D85053DB25624E770016A03D /* LoginViewController.swift */; };
		D85053DE2562504D0016A03D /* FeedViewController.swift in Sources */ = {isa = PBXBuildFile; fileRef = D85053DD2562504D0016A03D /* FeedViewController.swift */; };
		D85053E025626EAD0016A03D /* CameraViewController.swift in Sources */ = {isa = PBXBuildFile; fileRef = D85053DF25626EAD0016A03D /* CameraViewController.swift */; };
		D85053E2256290200016A03D /* PostTableViewCell.swift in Sources */ = {isa = PBXBuildFile; fileRef = D85053E1256290200016A03D /* PostTableViewCell.swift */; };
		D8F35F302561154B0084F687 /* AppDelegate.swift in Sources */ = {isa = PBXBuildFile; fileRef = D8F35F2F2561154B0084F687 /* AppDelegate.swift */; };
		D8F35F322561154B0084F687 /* SceneDelegate.swift in Sources */ = {isa = PBXBuildFile; fileRef = D8F35F312561154B0084F687 /* SceneDelegate.swift */; };
		D8F35F39256115530084F687 /* Assets.xcassets in Resources */ = {isa = PBXBuildFile; fileRef = D8F35F38256115530084F687 /* Assets.xcassets */; };
		D8F35F3C256115530084F687 /* LaunchScreen.storyboard in Resources */ = {isa = PBXBuildFile; fileRef = D8F35F3A256115530084F687 /* LaunchScreen.storyboard */; };
		D8F35F47256115530084F687 /* instagramyTests.swift in Sources */ = {isa = PBXBuildFile; fileRef = D8F35F46256115530084F687 /* instagramyTests.swift */; };
		D8F35F52256115530084F687 /* instagramyUITests.swift in Sources */ = {isa = PBXBuildFile; fileRef = D8F35F51256115530084F687 /* instagramyUITests.swift */; };
/* End PBXBuildFile section */

/* Begin PBXContainerItemProxy section */
		D8F35F43256115530084F687 /* PBXContainerItemProxy */ = {
			isa = PBXContainerItemProxy;
			containerPortal = D8F35F242561154B0084F687 /* Project object */;
			proxyType = 1;
			remoteGlobalIDString = D8F35F2B2561154B0084F687;
			remoteInfo = instagramy;
		};
		D8F35F4E256115530084F687 /* PBXContainerItemProxy */ = {
			isa = PBXContainerItemProxy;
			containerPortal = D8F35F242561154B0084F687 /* Project object */;
			proxyType = 1;
			remoteGlobalIDString = D8F35F2B2561154B0084F687;
			remoteInfo = instagramy;
		};
/* End PBXContainerItemProxy section */

/* Begin PBXFileReference section */
		13C2B5A07C1852D3B37061C2 /* Pods-instagramyTests.release.xcconfig */ = {isa = PBXFileReference; includeInIndex = 1; lastKnownFileType = text.xcconfig; name = "Pods-instagramyTests.release.xcconfig"; path = "Target Support Files/Pods-instagramyTests/Pods-instagramyTests.release.xcconfig"; sourceTree = "<group>"; };
		20DC4D36E77F3B1E24DD738E /* Pods-instagramy-instagramyUITests.release.xcconfig */ = {isa = PBXFileReference; includeInIndex = 1; lastKnownFileType = text.xcconfig; name = "Pods-instagramy-instagramyUITests.release.xcconfig"; path = "Target Support Files/Pods-instagramy-instagramyUITests/Pods-instagramy-instagramyUITests.release.xcconfig"; sourceTree = "<group>"; };
		29667A498383BCB2A61ED1E7 /* Pods-instagramy.debug.xcconfig */ = {isa = PBXFileReference; includeInIndex = 1; lastKnownFileType = text.xcconfig; name = "Pods-instagramy.debug.xcconfig"; path = "Target Support Files/Pods-instagramy/Pods-instagramy.debug.xcconfig"; sourceTree = "<group>"; };
		53928F72541B65B4C23213C8 /* Pods-instagramyTests.debug.xcconfig */ = {isa = PBXFileReference; includeInIndex = 1; lastKnownFileType = text.xcconfig; name = "Pods-instagramyTests.debug.xcconfig"; path = "Target Support Files/Pods-instagramyTests/Pods-instagramyTests.debug.xcconfig"; sourceTree = "<group>"; };
		97B608CF05F2512E6564E4E0 /* Pods-instagramy.release.xcconfig */ = {isa = PBXFileReference; includeInIndex = 1; lastKnownFileType = text.xcconfig; name = "Pods-instagramy.release.xcconfig"; path = "Target Support Files/Pods-instagramy/Pods-instagramy.release.xcconfig"; sourceTree = "<group>"; };
		9973FAA2D4B396C7BFC707F2 /* Pods-instagramy-instagramyUITests.debug.xcconfig */ = {isa = PBXFileReference; includeInIndex = 1; lastKnownFileType = text.xcconfig; name = "Pods-instagramy-instagramyUITests.debug.xcconfig"; path = "Target Support Files/Pods-instagramy-instagramyUITests/Pods-instagramy-instagramyUITests.debug.xcconfig"; sourceTree = "<group>"; };
		B772E50649816CCA642EE99B /* Pods_instagramyTests.framework */ = {isa = PBXFileReference; explicitFileType = wrapper.framework; includeInIndex = 0; path = Pods_instagramyTests.framework; sourceTree = BUILT_PRODUCTS_DIR; };
		D4D8511BA7AC8E98D94B653E /* Pods_instagramy_instagramyUITests.framework */ = {isa = PBXFileReference; explicitFileType = wrapper.framework; includeInIndex = 0; path = Pods_instagramy_instagramyUITests.framework; sourceTree = BUILT_PRODUCTS_DIR; };
		D85053D925624E2F0016A03D /* Main.storyboard */ = {isa = PBXFileReference; lastKnownFileType = file.storyboard; path = Main.storyboard; sourceTree = "<group>"; };
		D85053DB25624E770016A03D /* LoginViewController.swift */ = {isa = PBXFileReference; lastKnownFileType = sourcecode.swift; path = LoginViewController.swift; sourceTree = "<group>"; };
		D85053DD2562504D0016A03D /* FeedViewController.swift */ = {isa = PBXFileReference; lastKnownFileType = sourcecode.swift; path = FeedViewController.swift; sourceTree = "<group>"; };
		D85053DF25626EAD0016A03D /* CameraViewController.swift */ = {isa = PBXFileReference; lastKnownFileType = sourcecode.swift; path = CameraViewController.swift; sourceTree = "<group>"; };
		D85053E1256290200016A03D /* PostTableViewCell.swift */ = {isa = PBXFileReference; lastKnownFileType = sourcecode.swift; path = PostTableViewCell.swift; sourceTree = "<group>"; };
		D8F35F2C2561154B0084F687 /* instagramy.app */ = {isa = PBXFileReference; explicitFileType = wrapper.application; includeInIndex = 0; path = instagramy.app; sourceTree = BUILT_PRODUCTS_DIR; };
		D8F35F2F2561154B0084F687 /* AppDelegate.swift */ = {isa = PBXFileReference; lastKnownFileType = sourcecode.swift; path = AppDelegate.swift; sourceTree = "<group>"; };
		D8F35F312561154B0084F687 /* SceneDelegate.swift */ = {isa = PBXFileReference; lastKnownFileType = sourcecode.swift; path = SceneDelegate.swift; sourceTree = "<group>"; };
		D8F35F38256115530084F687 /* Assets.xcassets */ = {isa = PBXFileReference; lastKnownFileType = folder.assetcatalog; path = Assets.xcassets; sourceTree = "<group>"; };
		D8F35F3B256115530084F687 /* Base */ = {isa = PBXFileReference; lastKnownFileType = file.storyboard; name = Base; path = Base.lproj/LaunchScreen.storyboard; sourceTree = "<group>"; };
		D8F35F3D256115530084F687 /* Info.plist */ = {isa = PBXFileReference; lastKnownFileType = text.plist.xml; path = Info.plist; sourceTree = "<group>"; };
		D8F35F42256115530084F687 /* instagramyTests.xctest */ = {isa = PBXFileReference; explicitFileType = wrapper.cfbundle; includeInIndex = 0; path = instagramyTests.xctest; sourceTree = BUILT_PRODUCTS_DIR; };
		D8F35F46256115530084F687 /* instagramyTests.swift */ = {isa = PBXFileReference; lastKnownFileType = sourcecode.swift; path = instagramyTests.swift; sourceTree = "<group>"; };
		D8F35F48256115530084F687 /* Info.plist */ = {isa = PBXFileReference; lastKnownFileType = text.plist.xml; path = Info.plist; sourceTree = "<group>"; };
		D8F35F4D256115530084F687 /* instagramyUITests.xctest */ = {isa = PBXFileReference; explicitFileType = wrapper.cfbundle; includeInIndex = 0; path = instagramyUITests.xctest; sourceTree = BUILT_PRODUCTS_DIR; };
		D8F35F51256115530084F687 /* instagramyUITests.swift */ = {isa = PBXFileReference; lastKnownFileType = sourcecode.swift; path = instagramyUITests.swift; sourceTree = "<group>"; };
		D8F35F53256115530084F687 /* Info.plist */ = {isa = PBXFileReference; lastKnownFileType = text.plist.xml; path = Info.plist; sourceTree = "<group>"; };
		E2567DB453D4008313E4C9F0 /* Pods_instagramy.framework */ = {isa = PBXFileReference; explicitFileType = wrapper.framework; includeInIndex = 0; path = Pods_instagramy.framework; sourceTree = BUILT_PRODUCTS_DIR; };
/* End PBXFileReference section */

/* Begin PBXFrameworksBuildPhase section */
		D8F35F292561154B0084F687 /* Frameworks */ = {
			isa = PBXFrameworksBuildPhase;
			buildActionMask = 2147483647;
			files = (
				CFDE7073A898F89765EC4E03 /* Pods_instagramy.framework in Frameworks */,
			);
			runOnlyForDeploymentPostprocessing = 0;
		};
		D8F35F3F256115530084F687 /* Frameworks */ = {
			isa = PBXFrameworksBuildPhase;
			buildActionMask = 2147483647;
			files = (
				99FED2EA178133D850E06D0E /* Pods_instagramyTests.framework in Frameworks */,
			);
			runOnlyForDeploymentPostprocessing = 0;
		};
		D8F35F4A256115530084F687 /* Frameworks */ = {
			isa = PBXFrameworksBuildPhase;
			buildActionMask = 2147483647;
			files = (
				18E5FB173E85E281CCEE7D37 /* Pods_instagramy_instagramyUITests.framework in Frameworks */,
			);
			runOnlyForDeploymentPostprocessing = 0;
		};
/* End PBXFrameworksBuildPhase section */

/* Begin PBXGroup section */
		2E1B39D297CE0AE523F81A11 /* Frameworks */ = {
			isa = PBXGroup;
			children = (
				E2567DB453D4008313E4C9F0 /* Pods_instagramy.framework */,
				D4D8511BA7AC8E98D94B653E /* Pods_instagramy_instagramyUITests.framework */,
				B772E50649816CCA642EE99B /* Pods_instagramyTests.framework */,
			);
			name = Frameworks;
			sourceTree = "<group>";
		};
		D8F35F232561154B0084F687 = {
			isa = PBXGroup;
			children = (
				D8F35F2E2561154B0084F687 /* instagramy */,
				D8F35F45256115530084F687 /* instagramyTests */,
				D8F35F50256115530084F687 /* instagramyUITests */,
				D8F35F2D2561154B0084F687 /* Products */,
				DE1C4BDB2A7FE2FE565368E6 /* Pods */,
				2E1B39D297CE0AE523F81A11 /* Frameworks */,
			);
			sourceTree = "<group>";
		};
		D8F35F2D2561154B0084F687 /* Products */ = {
			isa = PBXGroup;
			children = (
				D8F35F2C2561154B0084F687 /* instagramy.app */,
				D8F35F42256115530084F687 /* instagramyTests.xctest */,
				D8F35F4D256115530084F687 /* instagramyUITests.xctest */,
			);
			name = Products;
			sourceTree = "<group>";
		};
		D8F35F2E2561154B0084F687 /* instagramy */ = {
			isa = PBXGroup;
			children = (
				D85053D925624E2F0016A03D /* Main.storyboard */,
				D8F35F2F2561154B0084F687 /* AppDelegate.swift */,
				D8F35F312561154B0084F687 /* SceneDelegate.swift */,
				D8F35F38256115530084F687 /* Assets.xcassets */,
				D8F35F3A256115530084F687 /* LaunchScreen.storyboard */,
				D8F35F3D256115530084F687 /* Info.plist */,
				D85053DB25624E770016A03D /* LoginViewController.swift */,
				D85053DD2562504D0016A03D /* FeedViewController.swift */,
				D85053DF25626EAD0016A03D /* CameraViewController.swift */,
				D85053E1256290200016A03D /* PostTableViewCell.swift */,
			);
			path = instagramy;
			sourceTree = "<group>";
		};
		D8F35F45256115530084F687 /* instagramyTests */ = {
			isa = PBXGroup;
			children = (
				D8F35F46256115530084F687 /* instagramyTests.swift */,
				D8F35F48256115530084F687 /* Info.plist */,
			);
			path = instagramyTests;
			sourceTree = "<group>";
		};
		D8F35F50256115530084F687 /* instagramyUITests */ = {
			isa = PBXGroup;
			children = (
				D8F35F51256115530084F687 /* instagramyUITests.swift */,
				D8F35F53256115530084F687 /* Info.plist */,
			);
			path = instagramyUITests;
			sourceTree = "<group>";
		};
		DE1C4BDB2A7FE2FE565368E6 /* Pods */ = {
			isa = PBXGroup;
			children = (
				29667A498383BCB2A61ED1E7 /* Pods-instagramy.debug.xcconfig */,
				97B608CF05F2512E6564E4E0 /* Pods-instagramy.release.xcconfig */,
				9973FAA2D4B396C7BFC707F2 /* Pods-instagramy-instagramyUITests.debug.xcconfig */,
				20DC4D36E77F3B1E24DD738E /* Pods-instagramy-instagramyUITests.release.xcconfig */,
				53928F72541B65B4C23213C8 /* Pods-instagramyTests.debug.xcconfig */,
				13C2B5A07C1852D3B37061C2 /* Pods-instagramyTests.release.xcconfig */,
			);
			path = Pods;
			sourceTree = "<group>";
		};
/* End PBXGroup section */

/* Begin PBXNativeTarget section */
		D8F35F2B2561154B0084F687 /* instagramy */ = {
			isa = PBXNativeTarget;
			buildConfigurationList = D8F35F56256115530084F687 /* Build configuration list for PBXNativeTarget "instagramy" */;
			buildPhases = (
				4AE1A3EDC2BF87117BEC776B /* [CP] Check Pods Manifest.lock */,
				D8F35F282561154B0084F687 /* Sources */,
				D8F35F292561154B0084F687 /* Frameworks */,
				D8F35F2A2561154B0084F687 /* Resources */,
				D1E322BF0510386155AEF822 /* [CP] Embed Pods Frameworks */,
			);
			buildRules = (
			);
			dependencies = (
			);
			name = instagramy;
			productName = instagramy;
			productReference = D8F35F2C2561154B0084F687 /* instagramy.app */;
			productType = "com.apple.product-type.application";
		};
		D8F35F41256115530084F687 /* instagramyTests */ = {
			isa = PBXNativeTarget;
			buildConfigurationList = D8F35F59256115530084F687 /* Build configuration list for PBXNativeTarget "instagramyTests" */;
			buildPhases = (
				B8FAEE9EAB91E63BDE906C21 /* [CP] Check Pods Manifest.lock */,
				D8F35F3E256115530084F687 /* Sources */,
				D8F35F3F256115530084F687 /* Frameworks */,
				D8F35F40256115530084F687 /* Resources */,
			);
			buildRules = (
			);
			dependencies = (
				D8F35F44256115530084F687 /* PBXTargetDependency */,
			);
			name = instagramyTests;
			productName = instagramyTests;
			productReference = D8F35F42256115530084F687 /* instagramyTests.xctest */;
			productType = "com.apple.product-type.bundle.unit-test";
		};
		D8F35F4C256115530084F687 /* instagramyUITests */ = {
			isa = PBXNativeTarget;
			buildConfigurationList = D8F35F5C256115530084F687 /* Build configuration list for PBXNativeTarget "instagramyUITests" */;
			buildPhases = (
				F174624440CF69AB41F39680 /* [CP] Check Pods Manifest.lock */,
				D8F35F49256115530084F687 /* Sources */,
				D8F35F4A256115530084F687 /* Frameworks */,
				D8F35F4B256115530084F687 /* Resources */,
				044B758A9C06C68BA245BF36 /* [CP] Embed Pods Frameworks */,
			);
			buildRules = (
			);
			dependencies = (
				D8F35F4F256115530084F687 /* PBXTargetDependency */,
			);
			name = instagramyUITests;
			productName = instagramyUITests;
			productReference = D8F35F4D256115530084F687 /* instagramyUITests.xctest */;
			productType = "com.apple.product-type.bundle.ui-testing";
		};
/* End PBXNativeTarget section */

/* Begin PBXProject section */
		D8F35F242561154B0084F687 /* Project object */ = {
			isa = PBXProject;
			attributes = {
				LastSwiftUpdateCheck = 1160;
				LastUpgradeCheck = 1160;
				ORGANIZATIONNAME = Maraschino;
				TargetAttributes = {
					D8F35F2B2561154B0084F687 = {
						CreatedOnToolsVersion = 11.6;
					};
					D8F35F41256115530084F687 = {
						CreatedOnToolsVersion = 11.6;
						TestTargetID = D8F35F2B2561154B0084F687;
					};
					D8F35F4C256115530084F687 = {
						CreatedOnToolsVersion = 11.6;
						TestTargetID = D8F35F2B2561154B0084F687;
					};
				};
			};
			buildConfigurationList = D8F35F272561154B0084F687 /* Build configuration list for PBXProject "instagramy" */;
			compatibilityVersion = "Xcode 9.3";
			developmentRegion = en;
			hasScannedForEncodings = 0;
			knownRegions = (
				en,
				Base,
			);
			mainGroup = D8F35F232561154B0084F687;
			productRefGroup = D8F35F2D2561154B0084F687 /* Products */;
			projectDirPath = "";
			projectRoot = "";
			targets = (
				D8F35F2B2561154B0084F687 /* instagramy */,
				D8F35F41256115530084F687 /* instagramyTests */,
				D8F35F4C256115530084F687 /* instagramyUITests */,
			);
		};
/* End PBXProject section */

/* Begin PBXResourcesBuildPhase section */
		D8F35F2A2561154B0084F687 /* Resources */ = {
			isa = PBXResourcesBuildPhase;
			buildActionMask = 2147483647;
			files = (
				D8F35F3C256115530084F687 /* LaunchScreen.storyboard in Resources */,
				D8F35F39256115530084F687 /* Assets.xcassets in Resources */,
				D85053DA25624E2F0016A03D /* Main.storyboard in Resources */,
			);
			runOnlyForDeploymentPostprocessing = 0;
		};
		D8F35F40256115530084F687 /* Resources */ = {
			isa = PBXResourcesBuildPhase;
			buildActionMask = 2147483647;
			files = (
			);
			runOnlyForDeploymentPostprocessing = 0;
		};
		D8F35F4B256115530084F687 /* Resources */ = {
			isa = PBXResourcesBuildPhase;
			buildActionMask = 2147483647;
			files = (
			);
			runOnlyForDeploymentPostprocessing = 0;
		};
/* End PBXResourcesBuildPhase section */

/* Begin PBXShellScriptBuildPhase section */
		044B758A9C06C68BA245BF36 /* [CP] Embed Pods Frameworks */ = {
			isa = PBXShellScriptBuildPhase;
			buildActionMask = 2147483647;
			files = (
			);
			inputFileListPaths = (
				"${PODS_ROOT}/Target Support Files/Pods-instagramy-instagramyUITests/Pods-instagramy-instagramyUITests-frameworks-${CONFIGURATION}-input-files.xcfilelist",
			);
			name = "[CP] Embed Pods Frameworks";
			outputFileListPaths = (
				"${PODS_ROOT}/Target Support Files/Pods-instagramy-instagramyUITests/Pods-instagramy-instagramyUITests-frameworks-${CONFIGURATION}-output-files.xcfilelist",
			);
			runOnlyForDeploymentPostprocessing = 0;
			shellPath = /bin/sh;
			shellScript = "\"${PODS_ROOT}/Target Support Files/Pods-instagramy-instagramyUITests/Pods-instagramy-instagramyUITests-frameworks.sh\"\n";
			showEnvVarsInLog = 0;
		};
		4AE1A3EDC2BF87117BEC776B /* [CP] Check Pods Manifest.lock */ = {
			isa = PBXShellScriptBuildPhase;
			buildActionMask = 2147483647;
			files = (
			);
			inputFileListPaths = (
			);
			inputPaths = (
				"${PODS_PODFILE_DIR_PATH}/Podfile.lock",
				"${PODS_ROOT}/Manifest.lock",
			);
			name = "[CP] Check Pods Manifest.lock";
			outputFileListPaths = (
			);
			outputPaths = (
				"$(DERIVED_FILE_DIR)/Pods-instagramy-checkManifestLockResult.txt",
			);
			runOnlyForDeploymentPostprocessing = 0;
			shellPath = /bin/sh;
			shellScript = "diff \"${PODS_PODFILE_DIR_PATH}/Podfile.lock\" \"${PODS_ROOT}/Manifest.lock\" > /dev/null\nif [ $? != 0 ] ; then\n    # print error to STDERR\n    echo \"error: The sandbox is not in sync with the Podfile.lock. Run 'pod install' or update your CocoaPods installation.\" >&2\n    exit 1\nfi\n# This output is used by Xcode 'outputs' to avoid re-running this script phase.\necho \"SUCCESS\" > \"${SCRIPT_OUTPUT_FILE_0}\"\n";
			showEnvVarsInLog = 0;
		};
		B8FAEE9EAB91E63BDE906C21 /* [CP] Check Pods Manifest.lock */ = {
			isa = PBXShellScriptBuildPhase;
			buildActionMask = 2147483647;
			files = (
			);
			inputFileListPaths = (
			);
			inputPaths = (
				"${PODS_PODFILE_DIR_PATH}/Podfile.lock",
				"${PODS_ROOT}/Manifest.lock",
			);
			name = "[CP] Check Pods Manifest.lock";
			outputFileListPaths = (
			);
			outputPaths = (
				"$(DERIVED_FILE_DIR)/Pods-instagramyTests-checkManifestLockResult.txt",
			);
			runOnlyForDeploymentPostprocessing = 0;
			shellPath = /bin/sh;
			shellScript = "diff \"${PODS_PODFILE_DIR_PATH}/Podfile.lock\" \"${PODS_ROOT}/Manifest.lock\" > /dev/null\nif [ $? != 0 ] ; then\n    # print error to STDERR\n    echo \"error: The sandbox is not in sync with the Podfile.lock. Run 'pod install' or update your CocoaPods installation.\" >&2\n    exit 1\nfi\n# This output is used by Xcode 'outputs' to avoid re-running this script phase.\necho \"SUCCESS\" > \"${SCRIPT_OUTPUT_FILE_0}\"\n";
			showEnvVarsInLog = 0;
		};
		D1E322BF0510386155AEF822 /* [CP] Embed Pods Frameworks */ = {
			isa = PBXShellScriptBuildPhase;
			buildActionMask = 2147483647;
			files = (
			);
			inputFileListPaths = (
				"${PODS_ROOT}/Target Support Files/Pods-instagramy/Pods-instagramy-frameworks-${CONFIGURATION}-input-files.xcfilelist",
			);
			name = "[CP] Embed Pods Frameworks";
			outputFileListPaths = (
				"${PODS_ROOT}/Target Support Files/Pods-instagramy/Pods-instagramy-frameworks-${CONFIGURATION}-output-files.xcfilelist",
			);
			runOnlyForDeploymentPostprocessing = 0;
			shellPath = /bin/sh;
			shellScript = "\"${PODS_ROOT}/Target Support Files/Pods-instagramy/Pods-instagramy-frameworks.sh\"\n";
			showEnvVarsInLog = 0;
		};
		F174624440CF69AB41F39680 /* [CP] Check Pods Manifest.lock */ = {
			isa = PBXShellScriptBuildPhase;
			buildActionMask = 2147483647;
			files = (
			);
			inputFileListPaths = (
			);
			inputPaths = (
				"${PODS_PODFILE_DIR_PATH}/Podfile.lock",
				"${PODS_ROOT}/Manifest.lock",
			);
			name = "[CP] Check Pods Manifest.lock";
			outputFileListPaths = (
			);
			outputPaths = (
				"$(DERIVED_FILE_DIR)/Pods-instagramy-instagramyUITests-checkManifestLockResult.txt",
			);
			runOnlyForDeploymentPostprocessing = 0;
			shellPath = /bin/sh;
			shellScript = "diff \"${PODS_PODFILE_DIR_PATH}/Podfile.lock\" \"${PODS_ROOT}/Manifest.lock\" > /dev/null\nif [ $? != 0 ] ; then\n    # print error to STDERR\n    echo \"error: The sandbox is not in sync with the Podfile.lock. Run 'pod install' or update your CocoaPods installation.\" >&2\n    exit 1\nfi\n# This output is used by Xcode 'outputs' to avoid re-running this script phase.\necho \"SUCCESS\" > \"${SCRIPT_OUTPUT_FILE_0}\"\n";
			showEnvVarsInLog = 0;
		};
/* End PBXShellScriptBuildPhase section */

/* Begin PBXSourcesBuildPhase section */
		D8F35F282561154B0084F687 /* Sources */ = {
			isa = PBXSourcesBuildPhase;
			buildActionMask = 2147483647;
			files = (
				D85053DC25624E770016A03D /* LoginViewController.swift in Sources */,
				D85053E025626EAD0016A03D /* CameraViewController.swift in Sources */,
				D85053DE2562504D0016A03D /* FeedViewController.swift in Sources */,
				D8F35F302561154B0084F687 /* AppDelegate.swift in Sources */,
				D8F35F322561154B0084F687 /* SceneDelegate.swift in Sources */,
				D85053E2256290200016A03D /* PostTableViewCell.swift in Sources */,
			);
			runOnlyForDeploymentPostprocessing = 0;
		};
		D8F35F3E256115530084F687 /* Sources */ = {
			isa = PBXSourcesBuildPhase;
			buildActionMask = 2147483647;
			files = (
				D8F35F47256115530084F687 /* instagramyTests.swift in Sources */,
			);
			runOnlyForDeploymentPostprocessing = 0;
		};
		D8F35F49256115530084F687 /* Sources */ = {
			isa = PBXSourcesBuildPhase;
			buildActionMask = 2147483647;
			files = (
				D8F35F52256115530084F687 /* instagramyUITests.swift in Sources */,
			);
			runOnlyForDeploymentPostprocessing = 0;
		};
/* End PBXSourcesBuildPhase section */

/* Begin PBXTargetDependency section */
		D8F35F44256115530084F687 /* PBXTargetDependency */ = {
			isa = PBXTargetDependency;
			target = D8F35F2B2561154B0084F687 /* instagramy */;
			targetProxy = D8F35F43256115530084F687 /* PBXContainerItemProxy */;
		};
		D8F35F4F256115530084F687 /* PBXTargetDependency */ = {
			isa = PBXTargetDependency;
			target = D8F35F2B2561154B0084F687 /* instagramy */;
			targetProxy = D8F35F4E256115530084F687 /* PBXContainerItemProxy */;
		};
/* End PBXTargetDependency section */

/* Begin PBXVariantGroup section */
		D8F35F3A256115530084F687 /* LaunchScreen.storyboard */ = {
			isa = PBXVariantGroup;
			children = (
				D8F35F3B256115530084F687 /* Base */,
			);
			name = LaunchScreen.storyboard;
			sourceTree = "<group>";
		};
/* End PBXVariantGroup section */

/* Begin XCBuildConfiguration section */
		D8F35F54256115530084F687 /* Debug */ = {
			isa = XCBuildConfiguration;
			buildSettings = {
				ALWAYS_SEARCH_USER_PATHS = NO;
				CLANG_ANALYZER_NONNULL = YES;
				CLANG_ANALYZER_NUMBER_OBJECT_CONVERSION = YES_AGGRESSIVE;
				CLANG_CXX_LANGUAGE_STANDARD = "gnu++14";
				CLANG_CXX_LIBRARY = "libc++";
				CLANG_ENABLE_MODULES = YES;
				CLANG_ENABLE_OBJC_ARC = YES;
				CLANG_ENABLE_OBJC_WEAK = YES;
				CLANG_WARN_BLOCK_CAPTURE_AUTORELEASING = YES;
				CLANG_WARN_BOOL_CONVERSION = YES;
				CLANG_WARN_COMMA = YES;
				CLANG_WARN_CONSTANT_CONVERSION = YES;
				CLANG_WARN_DEPRECATED_OBJC_IMPLEMENTATIONS = YES;
				CLANG_WARN_DIRECT_OBJC_ISA_USAGE = YES_ERROR;
				CLANG_WARN_DOCUMENTATION_COMMENTS = YES;
				CLANG_WARN_EMPTY_BODY = YES;
				CLANG_WARN_ENUM_CONVERSION = YES;
				CLANG_WARN_INFINITE_RECURSION = YES;
				CLANG_WARN_INT_CONVERSION = YES;
				CLANG_WARN_NON_LITERAL_NULL_CONVERSION = YES;
				CLANG_WARN_OBJC_IMPLICIT_RETAIN_SELF = YES;
				CLANG_WARN_OBJC_LITERAL_CONVERSION = YES;
				CLANG_WARN_OBJC_ROOT_CLASS = YES_ERROR;
				CLANG_WARN_RANGE_LOOP_ANALYSIS = YES;
				CLANG_WARN_STRICT_PROTOTYPES = YES;
				CLANG_WARN_SUSPICIOUS_MOVE = YES;
				CLANG_WARN_UNGUARDED_AVAILABILITY = YES_AGGRESSIVE;
				CLANG_WARN_UNREACHABLE_CODE = YES;
				CLANG_WARN__DUPLICATE_METHOD_MATCH = YES;
				COPY_PHASE_STRIP = NO;
				DEBUG_INFORMATION_FORMAT = dwarf;
				ENABLE_STRICT_OBJC_MSGSEND = YES;
				ENABLE_TESTABILITY = YES;
				GCC_C_LANGUAGE_STANDARD = gnu11;
				GCC_DYNAMIC_NO_PIC = NO;
				GCC_NO_COMMON_BLOCKS = YES;
				GCC_OPTIMIZATION_LEVEL = 0;
				GCC_PREPROCESSOR_DEFINITIONS = (
					"DEBUG=1",
					"$(inherited)",
				);
				GCC_WARN_64_TO_32_BIT_CONVERSION = YES;
				GCC_WARN_ABOUT_RETURN_TYPE = YES_ERROR;
				GCC_WARN_UNDECLARED_SELECTOR = YES;
				GCC_WARN_UNINITIALIZED_AUTOS = YES_AGGRESSIVE;
				GCC_WARN_UNUSED_FUNCTION = YES;
				GCC_WARN_UNUSED_VARIABLE = YES;
				IPHONEOS_DEPLOYMENT_TARGET = 13.6;
				MTL_ENABLE_DEBUG_INFO = INCLUDE_SOURCE;
				MTL_FAST_MATH = YES;
				ONLY_ACTIVE_ARCH = YES;
				SDKROOT = iphoneos;
				SWIFT_ACTIVE_COMPILATION_CONDITIONS = DEBUG;
				SWIFT_OPTIMIZATION_LEVEL = "-Onone";
			};
			name = Debug;
		};
		D8F35F55256115530084F687 /* Release */ = {
			isa = XCBuildConfiguration;
			buildSettings = {
				ALWAYS_SEARCH_USER_PATHS = NO;
				CLANG_ANALYZER_NONNULL = YES;
				CLANG_ANALYZER_NUMBER_OBJECT_CONVERSION = YES_AGGRESSIVE;
				CLANG_CXX_LANGUAGE_STANDARD = "gnu++14";
				CLANG_CXX_LIBRARY = "libc++";
				CLANG_ENABLE_MODULES = YES;
				CLANG_ENABLE_OBJC_ARC = YES;
				CLANG_ENABLE_OBJC_WEAK = YES;
				CLANG_WARN_BLOCK_CAPTURE_AUTORELEASING = YES;
				CLANG_WARN_BOOL_CONVERSION = YES;
				CLANG_WARN_COMMA = YES;
				CLANG_WARN_CONSTANT_CONVERSION = YES;
				CLANG_WARN_DEPRECATED_OBJC_IMPLEMENTATIONS = YES;
				CLANG_WARN_DIRECT_OBJC_ISA_USAGE = YES_ERROR;
				CLANG_WARN_DOCUMENTATION_COMMENTS = YES;
				CLANG_WARN_EMPTY_BODY = YES;
				CLANG_WARN_ENUM_CONVERSION = YES;
				CLANG_WARN_INFINITE_RECURSION = YES;
				CLANG_WARN_INT_CONVERSION = YES;
				CLANG_WARN_NON_LITERAL_NULL_CONVERSION = YES;
				CLANG_WARN_OBJC_IMPLICIT_RETAIN_SELF = YES;
				CLANG_WARN_OBJC_LITERAL_CONVERSION = YES;
				CLANG_WARN_OBJC_ROOT_CLASS = YES_ERROR;
				CLANG_WARN_RANGE_LOOP_ANALYSIS = YES;
				CLANG_WARN_STRICT_PROTOTYPES = YES;
				CLANG_WARN_SUSPICIOUS_MOVE = YES;
				CLANG_WARN_UNGUARDED_AVAILABILITY = YES_AGGRESSIVE;
				CLANG_WARN_UNREACHABLE_CODE = YES;
				CLANG_WARN__DUPLICATE_METHOD_MATCH = YES;
				COPY_PHASE_STRIP = NO;
				DEBUG_INFORMATION_FORMAT = "dwarf-with-dsym";
				ENABLE_NS_ASSERTIONS = NO;
				ENABLE_STRICT_OBJC_MSGSEND = YES;
				GCC_C_LANGUAGE_STANDARD = gnu11;
				GCC_NO_COMMON_BLOCKS = YES;
				GCC_WARN_64_TO_32_BIT_CONVERSION = YES;
				GCC_WARN_ABOUT_RETURN_TYPE = YES_ERROR;
				GCC_WARN_UNDECLARED_SELECTOR = YES;
				GCC_WARN_UNINITIALIZED_AUTOS = YES_AGGRESSIVE;
				GCC_WARN_UNUSED_FUNCTION = YES;
				GCC_WARN_UNUSED_VARIABLE = YES;
				IPHONEOS_DEPLOYMENT_TARGET = 13.6;
				MTL_ENABLE_DEBUG_INFO = NO;
				MTL_FAST_MATH = YES;
				SDKROOT = iphoneos;
				SWIFT_COMPILATION_MODE = wholemodule;
				SWIFT_OPTIMIZATION_LEVEL = "-O";
				VALIDATE_PRODUCT = YES;
			};
			name = Release;
		};
		D8F35F57256115530084F687 /* Debug */ = {
			isa = XCBuildConfiguration;
			baseConfigurationReference = 29667A498383BCB2A61ED1E7 /* Pods-instagramy.debug.xcconfig */;
			buildSettings = {
				ASSETCATALOG_COMPILER_APPICON_NAME = AppIcon;
				CODE_SIGN_STYLE = Automatic;
				INFOPLIST_FILE = instagramy/Info.plist;
				LD_RUNPATH_SEARCH_PATHS = (
					"$(inherited)",
					"@executable_path/Frameworks",
				);
				PRODUCT_BUNDLE_IDENTIFIER = com.Maraschino.instagramy;
				PRODUCT_NAME = "$(TARGET_NAME)";
				SWIFT_VERSION = 5.0;
				TARGETED_DEVICE_FAMILY = "1,2";
			};
			name = Debug;
		};
		D8F35F58256115530084F687 /* Release */ = {
			isa = XCBuildConfiguration;
			baseConfigurationReference = 97B608CF05F2512E6564E4E0 /* Pods-instagramy.release.xcconfig */;
			buildSettings = {
				ASSETCATALOG_COMPILER_APPICON_NAME = AppIcon;
				CODE_SIGN_STYLE = Automatic;
				INFOPLIST_FILE = instagramy/Info.plist;
				LD_RUNPATH_SEARCH_PATHS = (
					"$(inherited)",
					"@executable_path/Frameworks",
				);
				PRODUCT_BUNDLE_IDENTIFIER = com.Maraschino.instagramy;
				PRODUCT_NAME = "$(TARGET_NAME)";
				SWIFT_VERSION = 5.0;
				TARGETED_DEVICE_FAMILY = "1,2";
			};
			name = Release;
		};
		D8F35F5A256115530084F687 /* Debug */ = {
			isa = XCBuildConfiguration;
			baseConfigurationReference = 53928F72541B65B4C23213C8 /* Pods-instagramyTests.debug.xcconfig */;
			buildSettings = {
				ALWAYS_EMBED_SWIFT_STANDARD_LIBRARIES = YES;
				BUNDLE_LOADER = "$(TEST_HOST)";
				CODE_SIGN_STYLE = Automatic;
				INFOPLIST_FILE = instagramyTests/Info.plist;
				IPHONEOS_DEPLOYMENT_TARGET = 13.6;
				LD_RUNPATH_SEARCH_PATHS = (
					"$(inherited)",
					"@executable_path/Frameworks",
					"@loader_path/Frameworks",
				);
				PRODUCT_BUNDLE_IDENTIFIER = com.Maraschino.instagramyTests;
				PRODUCT_NAME = "$(TARGET_NAME)";
				SWIFT_VERSION = 5.0;
				TARGETED_DEVICE_FAMILY = "1,2";
				TEST_HOST = "$(BUILT_PRODUCTS_DIR)/instagramy.app/instagramy";
			};
			name = Debug;
		};
		D8F35F5B256115530084F687 /* Release */ = {
			isa = XCBuildConfiguration;
			baseConfigurationReference = 13C2B5A07C1852D3B37061C2 /* Pods-instagramyTests.release.xcconfig */;
			buildSettings = {
				ALWAYS_EMBED_SWIFT_STANDARD_LIBRARIES = YES;
				BUNDLE_LOADER = "$(TEST_HOST)";
				CODE_SIGN_STYLE = Automatic;
				INFOPLIST_FILE = instagramyTests/Info.plist;
				IPHONEOS_DEPLOYMENT_TARGET = 13.6;
				LD_RUNPATH_SEARCH_PATHS = (
					"$(inherited)",
					"@executable_path/Frameworks",
					"@loader_path/Frameworks",
				);
				PRODUCT_BUNDLE_IDENTIFIER = com.Maraschino.instagramyTests;
				PRODUCT_NAME = "$(TARGET_NAME)";
				SWIFT_VERSION = 5.0;
				TARGETED_DEVICE_FAMILY = "1,2";
				TEST_HOST = "$(BUILT_PRODUCTS_DIR)/instagramy.app/instagramy";
			};
			name = Release;
		};
		D8F35F5D256115530084F687 /* Debug */ = {
			isa = XCBuildConfiguration;
			baseConfigurationReference = 9973FAA2D4B396C7BFC707F2 /* Pods-instagramy-instagramyUITests.debug.xcconfig */;
			buildSettings = {
				ALWAYS_EMBED_SWIFT_STANDARD_LIBRARIES = YES;
				CODE_SIGN_STYLE = Automatic;
				INFOPLIST_FILE = instagramyUITests/Info.plist;
				LD_RUNPATH_SEARCH_PATHS = (
					"$(inherited)",
					"@executable_path/Frameworks",
					"@loader_path/Frameworks",
				);
				PRODUCT_BUNDLE_IDENTIFIER = com.Maraschino.instagramyUITests;
				PRODUCT_NAME = "$(TARGET_NAME)";
				SWIFT_VERSION = 5.0;
				TARGETED_DEVICE_FAMILY = "1,2";
				TEST_TARGET_NAME = instagramy;
			};
			name = Debug;
		};
		D8F35F5E256115530084F687 /* Release */ = {
			isa = XCBuildConfiguration;
			baseConfigurationReference = 20DC4D36E77F3B1E24DD738E /* Pods-instagramy-instagramyUITests.release.xcconfig */;
			buildSettings = {
				ALWAYS_EMBED_SWIFT_STANDARD_LIBRARIES = YES;
				CODE_SIGN_STYLE = Automatic;
				INFOPLIST_FILE = instagramyUITests/Info.plist;
				LD_RUNPATH_SEARCH_PATHS = (
					"$(inherited)",
					"@executable_path/Frameworks",
					"@loader_path/Frameworks",
				);
				PRODUCT_BUNDLE_IDENTIFIER = com.Maraschino.instagramyUITests;
				PRODUCT_NAME = "$(TARGET_NAME)";
				SWIFT_VERSION = 5.0;
				TARGETED_DEVICE_FAMILY = "1,2";
				TEST_TARGET_NAME = instagramy;
			};
			name = Release;
		};
/* End XCBuildConfiguration section */

/* Begin XCConfigurationList section */
		D8F35F272561154B0084F687 /* Build configuration list for PBXProject "instagramy" */ = {
			isa = XCConfigurationList;
			buildConfigurations = (
				D8F35F54256115530084F687 /* Debug */,
				D8F35F55256115530084F687 /* Release */,
			);
			defaultConfigurationIsVisible = 0;
			defaultConfigurationName = Release;
		};
		D8F35F56256115530084F687 /* Build configuration list for PBXNativeTarget "instagramy" */ = {
			isa = XCConfigurationList;
			buildConfigurations = (
				D8F35F57256115530084F687 /* Debug */,
				D8F35F58256115530084F687 /* Release */,
			);
			defaultConfigurationIsVisible = 0;
			defaultConfigurationName = Release;
		};
		D8F35F59256115530084F687 /* Build configuration list for PBXNativeTarget "instagramyTests" */ = {
			isa = XCConfigurationList;
			buildConfigurations = (
				D8F35F5A256115530084F687 /* Debug */,
				D8F35F5B256115530084F687 /* Release */,
			);
			defaultConfigurationIsVisible = 0;
			defaultConfigurationName = Release;
		};
		D8F35F5C256115530084F687 /* Build configuration list for PBXNativeTarget "instagramyUITests" */ = {
			isa = XCConfigurationList;
			buildConfigurations = (
				D8F35F5D256115530084F687 /* Debug */,
				D8F35F5E256115530084F687 /* Release */,
			);
			defaultConfigurationIsVisible = 0;
			defaultConfigurationName = Release;
		};
/* End XCConfigurationList section */
	};
	rootObject = D8F35F242561154B0084F687 /* Project object */;
}
